
Microsoft Visual Studio Solution File, Format Version 12.00
# Visual Studio 15
VisualStudioVersion = 15.0.27130.2027
MinimumVisualStudioVersion = 10.0.40219.1
Project("{888888A0-9F3D-457C-B088-3A5042F75D52}") = "Crawler", "Crawler\Crawler.pyproj", "{FD27A648-82E1-4346-806A-DDE7B7559C38}"
EndProject
Global
	GlobalSection(SolutionConfigurationPlatforms) = preSolution
		Debug|Any CPU = Debug|Any CPU
		Release|Any CPU = Release|Any CPU
	EndGlobalSection
	GlobalSection(ProjectConfigurationPlatforms) = postSolution
		{FD27A648-82E1-4346-806A-DDE7B7559C38}.Debug|Any CPU.ActiveCfg = Debug|Any CPU
		{FD27A648-82E1-4346-806A-DDE7B7559C38}.Release|Any CPU.ActiveCfg = Release|Any CPU
	EndGlobalSection
	GlobalSection(SolutionProperties) = preSolution
		HideSolutionNode = FALSE
	EndGlobalSection
	GlobalSection(ExtensibilityGlobals) = postSolution
		SolutionGuid = {6CECC6BE-82A0-4F3A-8F3D-5D48D9468F17}
	EndGlobalSection
EndGlobal
